uuid: 6ace740b-7ee3-449f-804d-6e91f312987f
langcode: en
status: true
dependencies:
  module:
    - localgov
    - system
  theme:
    - lgd_org_theme
_core:
  default_config_hash: mH4ym6-Q8lKaPKaIFzv9MvHtmEi12D2AWFa2HYuzS5s
id: lgd_org_theme_localgov_home_welcome_block
theme: lgd_org_theme
region: content_top
weight: 0
provider: null
plugin: localgov_home_welcome_block
settings:
  id: localgov_home_welcome_block
  label: 'Home welcome block'
  provider: localgov
  label_display: '0'
  localgov_home_welcome_message:
    value: "<p><!--(figmeta)eyJmaWxlS2V5IjoiamNmY1dxY2hpcUhXRjNpMER3Mk5CbSIsInBhc3RlSUQiOjE0MTQ5MzQ3MjgsImRhdGFUeXBlIjoic2NlbmUifQo=(/figmeta)--><!--(figma)ZmlnLWtpd2kKAAAA6SQAALV7f5wkSVVnRFZV/5iemf3J7rIiIiIiou7OLrsLIpKVldWd01WVuZlV1TPjSpFdldWdO/WLyqqe6RURuRVxBUREvEOOwz1OETlERUQOET1PPUU8EX8jouL98O48z/PuPM/z7vteRP6o7oHP/eN8PtPx4sWLFy9evHjx4kXWk7IZJUl4ELWPZ5EQN110nVYvaJt+W+Bfy63ZPWvHbG3bAaqyE9h+oW4wtd2qAS4FznbLbAAqB+3LDRtAhYFeYBOvNaZlzr1g1/F6vt1wTeq53nLbTv1yL9hxO41ar+Nt+2aN+m9osFdzW1TfTOu+XfftYAeoM4Flt+we0N5O7+GO7V8GcquI9G2vQcizNadeR3nOajh2q92r+hjdMgOS7bx5PU4wnUuABRFLs9+HWoDybbPWc1vMQnBlz3faJI1sTQeRdxgmEcgsNLVtmg2Imm6XQbkXTwbx5MBfjoim5bau2L6LBuHWuJ04KL3fiUYbKFFzrU4T8gGUltnqmgEgY9t3Ox6AUt03m0RXrrpuwzZbPdezfbPtuC0gK13bars+oDXSM8r1hsNsN+xGw/ECAjd9EGEBeYXO+PZ2p2H6Pc9tXN5mJlsYqlWza1BcTne2bV8ikc4FDccixPngcrPq0mrf5LQwWIuxNwdtx9olVd0S7Jie3dtz2js93fdWy221wJMFvM0iy6o2XGsXtdv3nNo2W8lTwKtJM70jOAxn0V68OGxH1xdKSRvBwx3Tt9Eq8vnImmM2XTZBo+07LDFsCNVSVq25ezS18o2mVvFM32w0YIywl2bPd7Z3SJC1VXTDrhN2vTqKJoMmlg1T8Mwg6LV3wHSbTBGbxW/yBpA109+1aUSj2Wm0HWWAJVoLqLra8ampbLkNN6tVGjQu91kLYEwM8eqhR82FdlDfUF3S6ibMzG+YxPtM4NbbPeaB2taO6deyGhu+7dtqic7Zl6xGJ1AGc36nQ7ibArPdyazoZh4FwC2NTtNpuYHTpiFu9cJ4ohdiPXAbDmlcQDk13k5KVGBkhqKS9QHzBUgoKJ3MDbhShgORXr+y0zR5ZhVsoYsOgDVnDNcU9MNRpJQO3+LbbYv1XXdoerLuNHiQtsPrWbKHw6ivBS07MDkfnsWECaBR1HzXy6uy7mIDYAFbNdhih+Qyqqa1u4oqkQVavM/XXNiHo9yc6HjYeyhlw91jACK0lQwBDKHRs0yPdm85r/Xqrm+xb6gQ01rUn87DRTydoE/qATAylhXqBCwxXWfXzo3MaC3H+9G8M4kXCfr4Jk1DeM4luxEAkJAIvo/0YljTSbKYFxYNiwm8oHYWVzZNcngGxtAqLQWWyRMo18Gx1lM9KrrC1GvBYj69Gpmj+GCCDhkzATfgsNeWbqetQUMRW+EMw6fzw1R4tWW2mw3T9909NiGaRElV7Yc7TgNOFdsQyLI2kx4tt9Zgur0zlBbu4jQm2Zrw0yxa1e7axEOmQxvV6XQUhRN3FqXqL3dayvwxEXQL4CEAy6BTbfsmw8Yl3hVsDTz9nek8fmw6WYQjdNcOoqBdWArvP+NiB26x7rCEee9uNF/EMGzCuR6aCl2rbrvtNgEZzekyiazlPJnOsf9rdt2EQ0GDsHw3gB07PmBpX7bJsLH4qBk4nnkoz8RU4GAsGBDqZY+dSgWF5TQArTXJTVGX9S52zHTejOdzGiczRVYvSskAdi+8it3abpOtGLUwOVSb0rDgjIESuSVJ3rjK8MpeaxsocdGzqZRBlwrDq9FxXLKvz6bzxUljLeGwgDtEqKAtUqQIHBU8vkwRO3aq6EZ4PF0utufxQDEpK/stKDYX0FDmXMr7eOFiEc0naAKV47Epwr+xn5O8bMvF1I+S+DGwzlTE4rBmMjlkBsH+j0dREOlJQfV+4Grv0bZNWmFpwTrUWiOmQQTTssjbltp203N9k+OZcsoGWlpEmYpOOWGAMnWhGDrsX1Xrkwm7A/d1BWpjCSRODxzXDCtqtksMd0ptSldG1Qxs2qSAS9zBmi4h0Fz3W/tc/aBPrfWS2WlTAFQusKowq4vLZBEPj9H0Obl4pmX3sJVVMKYkCNRqsIcCEsFX4Fyxe20XToH1sYKA8WCxnKaHKAY1agGNmrw3TWJyBYjXgNJyCrMKLXdUvAftT7BPQKMWoJKqFdvM9rGsPQqXUZcdn5VaxVGCsmQ1XA5Vyg5pKyywOOu2etg8TCbMOtj02k7ThgdFXTZdxNs9VoehYNVQQq8dOvwBl1UDzjMiq6gahz9roPIwfbLj1Plu1HxzG+Um2nbty2m3M6h2XRXZbbXn4USpQsl4Nzw7oqV2D44QPl5HCaLmBFBN1wYo6wjKURqIDhHV1X03C5hKBVTqEMsFnHJ9lQIm831rXifYUTjNbD3HpLw2cpRitZkjMk5nKCBXOM1pK8eknM7mKMXpXI7IOJ1XgmIZQJQyu2kFmfK7eQWrWN6ygsu43sojaaxmelsRl/K8vYhULJ9SRGUc74AXcKwetaF2JwIQ3LrMFpwDm/JdCDFdhCQ55ql2mMDy1Ypv4KJmdaqOhQZBrNOKRDhYqBq0g1U0hx5k7VlTmehWMBXVdwW3ppxfVl8P+vPpaFSL52qfgY823M/jujBpdi2qLzbpgrZYNMCuXkRoty95cM/KPVjgQMc51+R2B/5TGgluehgM8LqQoynOZAYRQI1wGsryXGwKeYA/xj7+lEL8KasDE52voyaP8cfwgQJ1jriGP6VD/Ckzp2AxnaFDn2BxSciZdjggMJrhYh5fF3JtfM89qMvxPfeiMMb3XEBRGt9LyPL4XkJWxvcScs0L5zgKnMkgQj/jYBkPRLfAdCsNFdF4FI6WEfrIJYeNdwujDi21wnEkZGkYjuPRMehlQqcMAANMFkl/Hs8WqJWIthvO4xBdluNoHvfr8cFyDtXiXNE3HgFLcPiUl26jxtd+wDzMatdgFvZhZyt9PYQuLtZTn4yybVb1JeEGDOq0uDTBIgfEhri8MowjHhbG61vsbYWzBPaVd8GW4GuDRNFLK4ZnI4Qn0UtA9LIaBYdIFRBYAQqT3Qa4VuDvpXovioXgEX8RQ+LcB8DyBKxkLE5G5cCm2folwlH2ufUoXLCC/1R6uDWgSVgXPCbRUhiWFxC+RNKgZAFRVnSCYS1wWhRdrbt+rYVyw6z71L5Za7F/ONPqNEmkLVwSTZRncQjRlM7VVHl+R5U34SJC5c2myWHnLZYqb/UtLm8LVP12v8vX2KfQxkR5R7DH6Zk7rWCPyruwOIR/qmXx7f7uQMUDX7DjcALmafoo/kLXb5F8TyeloPwiHDm0lM+otfl+88X1hknzeGZz26cz80sC2BrKZyGOpfG/tI54DOWzd1T5ZTtq3Oe0Vf3LH1blcz1VfgXF5iif16hXqf6VrsflV/ltLr/aU/3v8XZbpKd7G3AfKC+gJDnv89sNqt+PkurPN6t+F+UDZrVL9QdRktwPdRWfF3QhEMoXVht7tD5fg5LoXoSS6L7W3N2hebzYush3jq+z6rwRXmJ5XDetjk90VZy+VLfg3Kis1RV/u47LKco6ygsot1Heh3IHw9J4Dkrif3FHzQejbZM8jR33ItkNYi8Om1oOznaU7kXvwYdQehe9h4jPwxe9F9yD0r/o3XM/yqBxsUn92kjkEH0HBw2tS7dp1+j+voeS5LjU3G0S/nKrwbHOlVZnt43y6xGgkFyPoAxQfkMXCkf5Ui9oE76HkvAv83d9qoe+t0Plvt+p0rr3A8RyKAdtJUfUbnFUPcQy0foddJHZQHnYVe1xV8370e4u28vVrt/2UY5QXkA5DgJ4XiEmKKk+RXkfyhnK+1G+HOXzUc5RPoAyQfkgygVK0tMS5QtQHgUBfLYQ11ASv+soid8xSuL3GEri940oid8rUBK/b0JJ/F6Jkvh9M0ri9yoZBBeI4bdIq8sSvpoAYvkPCCCejxNATL+VAOL6GgKI7bcRQHxfSwAx/nYCiPMTAFjU7yCAOL+OAOL8egKI8xsIIM7fSQBxfiMBxPm7CCDObyKAOH83AcT5zQBY5u8hgDi/hQDi/L0EEOd/SABx/kcEEOe3EkCcv48A4vw2AojzPyaAOL8dwH3E+Z8QQJzfQQBx/n4CiPOTBBDnf0oAcX4nAcT5nxFAnH+AAOL8gwQQ53cBuJ84/xABxPndBBDnHyaAOL+HAOL8zwkgzu8lgDj/CAHE+X0EEOcfJYA4/xiA5xPnHyeAOL+fAOL8EwQQ5w8QQJx/kgDi/EECiPNPEUCcP0QAcf4XBBDnDwN4gDj/NAHE+SMEEOefIYA4f5QA4vyzBBDnnyOAOP9LAojzzxNAnP8VAcT5FwA8SJx/kQDi/EsEEOd/TQBx/mUCiPOvEECcP0YAcf5VAojzxwkgzr9GAHH+NwAeIs6/TgBx/gQBxPk3CCDOnySAOP8mAcT5twggzr9NAHH+HQKI8+8SQJx/DwC7qN8ngDh/igDi/AcEEOdPE0Cc/5AA4vwZAojzHxFAnP+YAOL8JwQQ58/Kk6kKhFYLHNfigpBpiGVQTNkMZzMKcqQxnE/HFJYtpvhrVEfTfSHl/vEiSkRJqhyJMEp4Qzik+oQiMsRfg3ARMu06oq94hDujRUGjOXgUl2QhNxY0NsK55DAcTK8lAI3D+OAQt/BDhHcIGAfRIoxHgMoRRE4olkDgeIRbeoQcB+C1RTTm3JdqWj+K93Hr6xO8wXleNax+GhLGmb/fIfsIjOYh5rYpNvfnxHOCkVE7w8II4xbW881C9kkRiJ6NKQWSC4qzS0dxEu8jqJKijEKn58+LSoKAOxEvlWvgPUmG0/lYvEysx6z0V4gNBtqHCJInJPkrxGY4AQ43B4dagLhZIRDWIerE0qyLW1Av5qNvFWfmU9wzQAJJthJqAHB2yOqzSFi9aq8U52Y0lzq3wKGL89F4+mhsgY2HfCW0uC5vogixCU3WYAHCqFyNjsVQyCGwjXgS7USkGvA3CFOLDyIwLiGER03FlXNRpsqeIqwgdYsah6gsolEK8dDVDg8wFUlgi6YFi0vNl9OTavDz/cOQYu1onoBCZjUeyKmRuEZCsHsUzZE+i9ohtI99I0sjzqlxauYK1gSZ8xGkT3CyyMrB6Hh2mOBIkWuDLPud4ECR66pbFwMCBQk3hhA+08bjUm4Ow9FoH7maOhoSMZRnDmEWczC/Wp1exwBPSLmFGqC/k/LsYr6c9Jk/roJzfVWqiHMaHw0yfZ7fKfARRnkfea1BIh7BjWk+wuzT61XpMKVD9FhBFktPTRjrsHl1Abgi5LV4sKB7n0FtlwGUCMhGK1PNTPq4vqG2PoznycJK1Yt5V2DDxfraNulMGGv96XgcQjDtG/LL3hWhlgJSwWUMoR1WPoY6zTwcHOltt1bLFkAYxhzXV0xZypyToW65rH6jdMSVVrS4Np1fTUWYYFeFIww24BFTQU7bBPlFZFgxDUnKTERXyuB4vD8dafYJVzAu3KWCUyYJMTBwd6UtHNAWq2M2cANQbMo2dbmGwQslZ8AhAsE9C/trO5qQ48E81VhyWuQsa7hXHtGuHy8XJC9vdkVprFKiom3TCKBTTJoF9aNhhMs4lGpsDuNRtIttiy2TcCPPyNA9d0J4etypSQUeRNRiJwiEZDk9FyqjGK5xfkxza0+D5T7dxfdBRghxXZIdzKYTmI8aaH05GY4oeU25yyLHjTjppE3RQEixqaS20v7NMIFVqKmW+ilWcZWz5f4oTg7BjMYladvTdhSOG7l0NIhxcpCSg/ORTMzFpEl3wYJmbZSmuk6s3GFwDZJC65qYFgvefUWEVe3fmG/3wv8XZ07rBIUFSbso1urNUBgbfM7cTpLAdfM5Mxwm0QKGXZqHg3hJh1I5P3AqKLIDZy2ZzaNwAIr15HB6DbrGUVmNoMEBWSHIN9p0EvGedSbDKeyLx2sJOVgqA0Vnw8ORMqWGWnQU99NHlDQRRjclfs+RFu6ufJs3GIfcGOVQUC+pjn56MmEX6M6Wtdfj6EieGAROjyoId2G3eidjNpi6M8B6xMMY3gOGi16K53tw2rrQIZy2p91QmxjgkRqScL5DIEOZpjMlwVmLQbU0qVlCAg/zSCnLupoRVzQipcezVavDt8R1LUAVR8LBnHy2kyfYMUo2a8q/95DjRpYD2UekIfX7pDzFQM0h64lbsFPrpQ/ip8lNGBp8K1mZYexnaObyfqgyR1mpQbVCBEWsQ6bCK4LZRRKG80wC+Vr9oi+DPc78GFTSZzNMgAdaTtzy40TZRqQ1XwQIsLBJEzifZDkcIo2IzctxCg9wj0DKEVtBRaxHopQcHdCO56Mfi4gqIlayzw/DnlFzlws6oCgSQDucDXSK49adIEsoYdpHB/XpvI/dR0+t8CBXE6A3lklk7ifT0XIRVWm+hNzUAna39QjCcOq9lm3rbKzZ2DMvBwBkg49+eoXDLBYk9v2CAxRhwHdm2600WY4DbFQoLxE4f/XmRKCZKGxApouT7WAJdzTXtfW+1v3GjLwUnvgeEJvb8MBYNA6IMIjMWGVnvQdnglW9hu0L9fI3PBsCjmHlDMbbEY67NklM2UVlNfQejQKpSN/dJYyhP4Ep2fW6elguI3Hj+gRV9BPjGvwFfDPzKxwo6jxV/jA9f/Qpkp5BRIB1wMxoXTGnhDC6Cx6O8+Qk+uTnk06Yw0HBIqEf8GPjogXBFPCg1tvbsbFpdpxGrefW8RRLzch94lFEfYUkzXk/GxMhFvRkTg6gKNwU4BcLVSPG29ncT11oSbniBiIp9F3OY8gjB3EyG4XHbJhbuAWpKtshpPVGy4NYH+ClGVegN3RTsSs6XFXT8rjNj0YhwrxD1aE8Y6TqMMbdArsDIHYGrybAUpzUolGEqBB2VramEJdijGZIFxisTrq2+mGQ/BkKQzst7cMAlVM3Vcl42JPBjCJ8yB1pkM4DCEOBSro2cLhjNdgnYehZZwDYaCOPesEaCuRqf6AbSBQtqSoARO14U3BqNTza41kI3oNNDem9FKW+2UufNFXXZqyEwzAJkMTl9+DD8p2RUWPdsP9hZBjGblTdPbWfYe+mnr3UUUJzehTpo246GuzyCiE4g7HWM0PkGA0x6gRrYrw+3X8cJqqryvNnhwi0xZowGFDIB2Yw/vQBZF+UClVF8OCCduUZwQebQj00Cdm2KlQq1Aty77KmQdXwQoQMV9ka1hWk0F+TXzw3NKgaXoSeWSiwmVVU49f24RMXAM4woJAvTsg/XcG1EaVCfR3cdHZVxQVGV1TjSwbY9/BK2OgTsSnPFaqKwAz5CwWaHMQ+n9dUczU/jewJBbo0uZtOIRWxNYZnR/vNVCpULWJ3DisoHgi3nMYqcpt6OomrjhNQ3rqCUET1fHhXaROKve0UUhFv47pS9CK3F+uKZKdw+XlKCqsmBxYSHszD2SEZCVZjU9xxAqUIL2bY9LVqU9x5EqdId8ntOdgVc76XgPCuVYwia4xjrFIjRgGSp6LQNdXcTLDFr0b61r4p7i7WFUlrgQ3aRmhzFWOD5AuKdUXiHmbfI2ExwIIP/KeJp90Ir7p4qGEgE2mciXi6+MJCVRE8rDBWOBPPEE/PKqrRV3X+2uqZ4ovymmoOSETmtZMJIJ4tnnEDtOrQzlq66bdRzxFffAqpiDuEt+ANxB3imSmsmrpULdxt7xJfsopRZHv7Jz8Ce5Z41kmcIr10pMfOFQjFfulprCK/PIxHI4/qCfL08tl5VbVfATVUpVBE8WVFhKL5etojOmUwEM/Ja6r5EbLtFrY28kNfnsKq6Rt4snTsvVaK56YV1fbSiC86CVLf8is0rFp68L8DxBH8CRhsSjxPPO8EShG+TO33II06PyTlV66iFF1II5vsghLsQfGQ+KpVjCLbxxE/VaFfgsS1/OpCXVH0VeKBJoFXBnFPXlXtg4ROIpym6+JeDaqGKHcjlo4AL5xAKcIhLdB2NB1Hi/kxMuPyviJC0RyoJUqRRHX/KkrRHWL/6++uXizirKIaH+W69iDYxVeLdUUyYpQXDih6Asm4WFckEzoZ4fg5wTFNK6ptlnBgRdrBc4t4eV5V7fMhJTeacMS1OGF3D8ecnEIq4sVcLdS0Dr8lBRK3WVURHKmFr0JCpdS0P6ivseAWsHB2vIFFVVxn5EUkROlbr5o4TlQIy1LmUe/bpXgsThTWU2kIYguu3wgo61DMdbxioLI4qoUmTBf7byqSd1X0jPP/lbRjOC06wcE1Hk8nDbqT0QQxxjevtEL864tliFg1p3gVp2Q1Cebcn0fkLBDvFKm+pUi1A1vALoK3KJK8ukjizrHGcHoSb3oFdDDCOR8NrkTzKZoeLza19DcR6nuMQ7z8nW7U1iUexXPg6dY6jhASXYzwSFhohpNPxAQepIDz0thzhudDMjtM4aNSPiHh+3RWgyI57MQuXhNnSBVwgiHAgZgHvK/LG3Kz4b2I7fl6CQeIcCYcURiB2b4hTdXhdFaLyEy+U+fWahFUH89oZKzqGyXlMBFG4tidzhrREKuXxwfYS9+1QuCTNz1B8aacojpdLKbjG3D57pM0N2L05pwob4kpypghMESogcl9z0maNg6fVZK3kLZoi2GGCWwRHifESUD763ulsm3Yr8qZYf9Cd2z575DYEiDVq8IB+LskHllzXBsLgMTTWwuoWp6D+j4Zhdn3YB6eYKFn3BXzD7N8vL32WehgPJ0ukOMiZ/UOGU8OYVb0yjEKlC/Gcr09RQfsMPOGJ9OGNvZYjv7BFG2ze8kb3pU18NGVN/xQ2kDnRo5+d4ouyFOnL7FIDLT/lIyTrElIvDDD63Bjivl+mRDEevh5icdkrq7a3c/IZZoAhRqKTumdEjdKLEq6Bwd4e0ZPaNJVl6orOIhh4Not/bBe0oDGKCznL0mk2wpNuaP8BYlX6DhZ9ZHvlRHrjZRqJsi+EAD8j4AymA4RCEEqzQro9wHdmk46swGObM3iR7WYMDnYR5+p0SraeMfu5zicBpjCj0sknWCIh/FoALFq8RFcA2UL318wLg8OL5of4e2M+GKInyBGE6wiGlm9F/H+naPoE9ot8ZNk/8pb6DzleyUexRNmkmUuflkiCmHPAbHQtw1y0cALeT58Ox5HCCtgox8uUjZDVPCfd9RPS1TSlsJm+IgcRDiwJlzH/QULhiAFHT4q9zMXpmI3OHT5s/KGRlfNSGF4PydDnTn5mMQLPNS1enY1OAjqasuowPQmmCrODVR5dh+UeKafHrEkqV/mhvdJGIVuoBzIAoxTAqzVL6ZtuThOPmmsLoztFIWZZzk/IPH0z2eClm0L2l/AvjpY3caK1OviV6RKu9CM8OQvP4Z38AN4u4E7cdt19ZFbIhbyVzP8cLjS8PHCCgaH0+VoEIxxmJj8LEt2+msyoYBChRcvwRhczS8WOm7CIv66aoJwHLLnDZ9QDXv8ZlcXv6GqKtZG/ZOsDngVTlZ0xW+m7yJYXUol/FZaZ4fz27Bg7Y6JfEv8DjaXdQGS/m5KFw26WkFbSK8oBdFCZcmqT0j5+2AD8WGX82A5o72s3RS5JpPOS/K8FEB8SomrwyxsSJpUXfxBziDRHD4Hg0/L7E1TvNEQfyivRsfteXxwgB38BkN8BvIHtPW3YQkz0P9RviMLhpOIxw35x/Joii1qH2H23iHe80k/fwJrQba48zk85GeV/N4cKzo/zuT/0xU0L6+ziMYJQsZ/q5r0jAtNLxH/TjeRI9JdITZ9hvvvVYtedZ/XdlP8hxWsOsyB/jNJpk7hGsXV1QgTgPeBz8RE8Wz5H1UvHoWHD6LRELHtf9JBSQOqTMTHpfzPRKg15+EYh+kddylZiUCPlP83Uv65pL3TQGzIS/+3UvwXPKmeerF8qxR/QQfAiR9EnhX/ldaZPCYdatgZMEfxlznOhrMB5r/lGAinz7ZPS/FXOZ57I+jDNf+/51j0V7j/oUanTa53xqb4n9nOQGckpJ+U8q9z4wAOO21y4CEfsBBPGOJ/rZLj3e6dUv6NRCsHfPZkOa7jQga9YzTxvyX2MHaGtbqd/jaXzYKB4xRg/gn2mfw/qRu9wUPu26T4u7wrKTBLdn5Kiv8rRyeylZ9BjI+UtRKNOKSi/TXCemOZnH7reLXRx7rhVaB/tYGQbkkJ5r9CJM+fanAATauZIAiXjxv0sUz/0EUAAVcEo4ekU8wesT5gMPtWvDoMDqJFE3QDjC7+XIrXaBxvrwTWJr/NGMFw0thiU7xWU3ja1prRZKm2xl9K+e2QT6uS2mvRMMGukE+sohFZJOKzUn7HKtpMEtj5GLUE+0++Do8S2AHpsUKj74jXIz1c6AJOyPmSLdfjaDTAaYDlGbKTXCXMeYM+JdFJ/T+TJ4hrxLWk8sMTLC5MAssEKcJRN+1RWumh0HicQ2ytYKS0FzAAVXktRthjrbFekbhWv6DRP4wRqi1bB0M7bAi5RT/vpkYapajuNqwffExLv8ZqHifJ6FFCo1pqJjgFp6NFPANoxKBgRn+BCcWwXCDLFrS5amGi3L7s2XiYcfgzYGF59Coh9dexhhXQY07J0YZsF/YYHjMblLSXaWMN80sbDWgowYmBhTMRfcjg8/gx6HamkZBRLVwitqTRhpIbMFBijMmOAEJt4La/HMGZ8uxehee9mC87vD0a0VE0Agl/L9Na8s8X8MynOE3UVjZg9cgeU+9X493uBr2Naj4AHqn9mu2r94lOK69Ip1XDCzMgPPb2Gupz6lIjZY1npIbJv7wSuk9KIzMuKSZ/sGddqhMRM1ZmCqFgV6/BRFVDgn0qV1+bsv420xprcc6nDTRiWcwzQ60ErVBf1lCIWUtXo+IxXr7ByVzJY6s8Ol7LZDGZpTDO5WQt2B+WEJPKcW2Q4h5p5JiiFCu3yHJOkw9YkOKGER69P5PXRjuzuUjPuSlGXRI24LUpYKUo6kS4u3k6bD6TD3jqTrKl5K0jFqN2PLKchenNQ0WA6FTd2c5lSsLGKJxyRmmidzIuDIULYv5qh3dGvSo1dZ0RlV37ctU1fbJJGOhuC46nxz9Twlsrf/8gL1XdSz31/Gh4wf0oSsGe07Z2eh7/2KO8m6+1Qa+g5CfwPi6xTIzVY70ONrgDoVWwZxjq2zbO5GBNjW4cXaNAEZbbDydHYUInS3rAPSLkDJe8EVR2BDroyuB6LSJd0qNNSXXaVtzK/MNlYqV+u/xcIVU7M21M+7wm0KVRQCOQUutKX+E9cpKjNYr7V4WkD7xwmMxY4+gf8Np4qYYlnzmg15fEbNGMtlIGbhnKXITk74YA6RHk4XSRzKYLXTWSa+FMw+mqZZ2VK6pMVU1TfT4Gs9RknHy/6ray7laF55wh0b5wBsgfiQp0nWDD4l4I/wZdGvvYuAFyjRGdPxhOj56Itxlwt5lZ51kaYdRdf08bl293bT8gK5LIfrGz9NB7Hyd5+vi6jjdaNdjb4Von0bWsYpySsUYylgClswEGc4mTHUXpTFrRtRNTwKQGmXDvMAQcXYIEGFae4zUKt4nr+qpcHj36wujptymOqX67J8yq6ytQWm6z6bRVxVjtuhsdDykIxNacMZd3Yl5YigPIRWk6YwFHlCzC8QyVUkBC6tsJTDdZEUoiDbtIFae4iyehmNPoAGyQBPwBQ5SK7MtYOhhkxr+0v6rLdDkdnGjXYeJGwvSZAZfSqalMDVbr9NAk0Q0EDTKJNFMtRCLejbNoRUjeV7jK5zu0EicptzrpUrHEWq6hU6avRLzLkOtoQ7CkPq+gIAJ5py0hu3T4FGIo7cCRMgpHIxg7SDpwxOhMjI07Vn6QmRFjREP711JfJ4zLOCYOInUMVMgxsQN7EyxrzP7nzYZYT1KvgrvbxnQfAx1BXrEuNwcR+cWW4nkGdglTZS+TiLcYckupKvUsuK4a9E3xqh9IxFsNeQ5DzSHtljjPuk9p9E7AtrhpBe/dwBege1fcvEhJUvY10hi29y0z1PLFT8R7DHlrv6Dt9xritqMVPb/PwAN5ONlDJopW6yn0vX4dx2OAVYMxSHFHgAkjrMOj9sPLCG9aBsX1fJ61tA9FLhrWD1skhMXrk2QDGHJ/BH1ymKitFOtlscP3IzUtEKklUmdNG6Y25xuWAbPyQiiO1lUugPejMYIaDN5MwMeAhvDWCzxXSwtApON1UcZAVYo1K1grrFh1Pg0HfegXW2rVclYl+SCsn7mID2Fnpnoz7qaFgOeQxb4GNM1AaZJPnB6UypBYG2oifsyQFVaBeEyu0S0mHGljWg/7yCAkoiw2ErptBxE/0KJlM623adgXijNp3cL1D7Nh9IvEFn8jAxEq4iyDWsEIPriKbA45NzA8rwb2wuMR9ADETcnKssYQ9P2GvLkwkWwFP2CIW4bg1EU6AlPHfG9l7g6WBnaA3XnsLhdJPIjsSX+EjYDYiFwAluw2JvSgQmzgrrgdaS7EczCzETzHqDMZTAO6I4qPGPIORvlRAXXnfrpoifiwIe/C3lPbPIhevoxwIOjgf108lcep4nDrHwbTJVJJdQispn53LR4OrcMlRTObhflhb0vl7teyz8haaMYCwnVwUMFClxWsV6aiak7CuxIqxWzW+sQ9Mfm5AbNvH2KehMIQ6ziOY1IUVm0nxj6e9w+PMYTcmJ3GbZKo6RoZ5QmkSYVFq9pIsCJIq2eEpzW4ZqpWaRiiKv8/JxMAAM1Ze3hU1bXfZzKZQF5ASMiAgBNEFAsTUPBSyEwQmfhEI7WK4qSGEEkUEiRnAHt5hIckmFGpjwpcaG2i9VmqXqoyeTRKtSBonYG2qGDV76oTHxSrpder3Ht/v3X2TDb363e/2/+u33dcv9m/vdZea+2119knWJZLZajcLXuffSU7T6n8W2tuqbn+9pq6+tsvvb7igvpJs1ecf9WsJWqoKux1PTGiSLndllIu5bYyZzfWRJbUNtjKYw1Yq5QaqAarAqUsJRZViXK7MiurF9X6JvfPyKXAfyIGWVQYSnz+moMHDqQeDqygIZcYGkNDlzXYtcsaqhf7rm5YfIfv4uqG5dVNyqP+cbP3WHCw1/XvJbRtwcm8zFBDXXVDTe1C3y2Rhhq7vhHL1Nt3TPBVN/hqVy6tXWb7ahqXLIk0yOCC2ibbV9/gq1lc3dQEYmHtBJ9d17isMbKozhdpql3mW1bbVFu9rKZOz126rBpGa2p91TU1tU1N9QvqHet2Xa1vcT0mLGqsbfI1Nvj9fqy40Fe9eDHtk17QuLIEuctKhZnTqtQVdyq1w4l3o1JbJOQWpbbmqXyJu2iDUs3D12F0BKmRapRrtDpT+bAfZ6txCN6FUTIZ/B+20VLnqHPXHjx4pRovSVZzahfWR5Yo+TFR/zjP+v+dJHcqM5kZltqQbN/galWtoYxbh4dtNxJyIgv/W5qpPDNQVRvt+B7QBYEMDJ4w6Bme5aDvjCXnuVrUTc0ZyK9JL/fstBQeppBLZCiSzbC6ZlJsirIs13rV22MylmeNHZ+M8+DaoN7rMhmXZ03UD50M10Z1Yo7JZHjWVNln0dpGNfMFk3Fra24XAh1qMpn0YIyyMsGsvMRkPGQmKMsD5s3VJpPlWeMNz1RWFpjkaesM8KxOhAYpawCYyt+ZzEDP6uXxO5Q1EEzvCZPJprVJ9HqT+uw033LSXm9SO0pNJpe+wetsMEcuM5k8z+pJsVXKygGz+0aTyfesWh4/paxcMI/XmswgeoCM0oMH1pnMYO1BBpjZO01miM51Hpitp+WgQK9DD6Ivm8xQzdDr5tdNplB7nQ/mpndNpoi+IdJBYL46aTLDPKsfaRvHXWhROyyTKda7kAFmeZbJeLXXFpiHC01muI6U1laOMZkR2lommLnnmswZ3AVUyGAw26eazEjW6AhlDQEzd5bJjPKsUarMsdZeaTKjtbUCMNOqTOZMz+oqezPz1qJ2LzIZn84bvR6z1GRKtNduMN9GTGYM10FGc8GM2GAyZzHXqIOhYAb/yGTGkvmNw7z6qMmcrZmBYFbFTGYcGanrFjVrn8mco3OdA2bEH0zm3HSFtKgH3jGZ8TrSfDCufzOZ87gO4hkE5qoTJvMdo0KWnjSZCTo7hWAu/9ZkJtIaznYm2lxdpsn4mTfsTxGYC3JNppQ6BfS6VS0oMJlJ2ussMNuGmcxk7UEOmE3DTeZ8nQMLzMUjTeYCnTdaKz3LZKZoa24wI8eZzFR6jezkgXlqgslcqNfJAFN3Wnf5J31KGOmpqSYzTUdKZkKZyXxXM/Rt/mkVPz3tm7w+UsMztGO5bP0dJlNGUyhDD1r/zGdNJkBGNmejevNKkwnSGjZnEJjmPSZTni6CjWrLJyYzUzuWjZb8TK7JXKS3zQWmtdRkZvFgw7dcMJcuMpmL6RuYAjC+n5rMbH18qePtNZmQ1uFL4cTfTKaCDA7PMLS9jcUmc4luIC4wY6eYzKXatyww7kqTuUxHOhDMi/NN5nK9ThGY2StM5goy2NBMMGqLyVypc10AZsJTJjNHR0oPtnaZzFXaA+pcuc9krtY6XGffEZOp1OvQt6++NJlr0r61qHkek5mrddj6jw81me/pomZ79ZaYzLXaA7bK68abzPdpDTXqAmNfaDLX6Vyz6SycbTLXp+utRW263GTm6Ryw6dxcaTI3MB6p6xb1UZXJ3EgPEE8RmFWLTWY+dZADtsq3V5rMTbp66cGl60wmrD3ga2lMi8lU6apidpY9aDI/0NlhRrN/YjI364wyb1NOq4Nqeo280be5L5rMAu0bW3/vaWehRrcjWpv+qsks1NaYnXmHTKaWDLLDSI+/ZzK36Ejp9b6PTGaR4fVfvjSZOlrDOmyircpk6jXDl0JxlsncSgYesCF+kGcyt+n9ITOk0GQWa4atf+YIk1mic1AI5tRIk2mgDipEdMaaTKPWYYM/Nc5klmqGOrHT6vp2zfCFtWKCySzT+5MPZtckk2miB8jBIDCHTzsLdrriW9WH3zWZiN6FbJd8GqSGl+tFXGz9w0xmhT5WmWj9N99qMit1otnG3ysxmTv0Inlgnqk0mR/qMHPANK8ymX/WTBGYysdNZhXDxObwpfBwpsms1l7z1j/vHJNZoz0YBqY3aDJr9bFi61crTabZ4kIS6p3qyC9Nah0oibUI1KSPTGo9KHGPHfZwjkltsLQXvN+3FpvURtHCWrzg2xeY1J2g5E5RDGrs1Sa1CQbteIlDdc03qRaTurbOpFpTFD28yTapzaDEQ35NDG42qbvghpxKerhwu0m1gRIPPaAKnzepKCg5FVzLd8ik7jbXOvyuSd0DLVmLny7nfm1S91q6LvLQHPJdJrUlRbHXtGaZ1I9Sa7GpLcgzqftSWrwEHy0wqfvhhsRFg7t9JvVAyiD75z3jTOpBUFKFfCXNLjWpH8OgPjzoxwGTegiUVBTXeu1yk9oKg7IW30qPnHZ8tkFL0ssvhfN+YFLbhcJa/PT58WKT+hdQ8u3jBXXVHSa1A2vRjQEDB1qW/I0k9QcT5Vprx6dmFJYdH/ht8aPHzvjqyLaXe3vvXbIicu1ct8pMZqlc+duByrPy11r448sE5VdrrWbLWmep9fizBf40gT8/WGqTpVos1WqpzZZ6yFKPWmsw23rNUgcs1+uWegO/PMNXKKuvvSMAM8qVCGWXQzogbL8UcEX9s4Jp4A23B10VxRnladDRlggKlQZKjSkHGAg7GkT908tdXCINsIJSvZayIvGpwUj80aCbwBtO4FmMgU9hZYdId2eyV0Ai9MdgX/shkRXFTwXh4R8xC65G4h6spUFf+7M05ikvjZ3E/I/hex6c3CXS3dG2UUDUPzdYGmMY02C8L+gK25P7QV97Dh2/L5AGsE7zU1MLOk7//Qii/gYMfIpnJx5EkAjtFdDX/hb0D4uUCAhgjxs5wImAQCIgSIT+Br0+cdgbfkakO5Z0Iqiyvw9dNybNkEku1F8/kETT8TSAdcdxSAfQadWcwc2/DT9CXVj0EQFK9cBCdsAb3ocsbQ24Otpe6wfQV3D9v/pB2N4TdBN4w5lw/9cYyINj94t0h+2LBJTG9gUSoQwE2ozEHmKxjIONfUF31H8h1n0n2JmswnMcgw+IdFcUvyCgong/6uuoyM5kFytvP9LYyRn7ofoYvNsNlx/HrPXwop1JPwMDOzBrBuK4R2QkPop+zkAyZgbCtgXNUFcqeuZhHdCDAexkSEDYHo4lXxfpDY8MIpThWOE6DM5BHd4GRzfBcBONPoQZKxHnS8FYshnkfrjUyiLdj8HL6M9+jGbB/V1iO7WY+hA1FPVvh/qULmTiqICwzTy1YmUW8qQgCuMIDE5iwHGAJPT3wPDPAh1t20WCuEEAgwzbo2B8FHxrY11y4LfIxo1w/HMEsF0kNLoFRP0JuMbDdAS/u3kGPOUEOC4ZKLS/YvQtmMjD3m4TCZtFApjIvvY/QXUmsnwX63ZmoDR2BHVXIIGkIlPrXMqKJXfID6i/JSBsu8o7k7NggmWfE0RdHoM7o2nnMFKVgNEurL4TidgpEqphAYnQmch0NsyMRETLWfbZOOdpcE/QTVBlf4kpR8TZimLtfUfbMAF0NuV9JL6ZqzKMg4GK4iJoTelKOays0thITHuESStBWg9gzRsxcBx2tolECewVkAj9CRv0RrDKpuFHgq6UqtqBFFQU3w1VP89arwAGinLC+sewZb8IwP0P+gFOmIKBHLiqgRzoiuL3kSYNlPrESRwB7B6GC9/Ar5fw5KGH3y0SRKEAJ98fIruzECfqg6Az+TIqqUA8SrlIZ7ch1g7W1jUCOtpGw/g5oEfjN3QJKooZeCWC/gx4m0gQbB2fgWAQr+L5wNEgiMRLMLAPAx1wwVlDWeodnISw/QR+ousyv2kQ9Xu5azdi4bEIoAFOfAcpuU8kjtZOAYkQGpo6D73ySWiMZ3ZeAChnC/oljM1Ejf2UcUNuFonYpwvoTL6NpnChyEj8jHIXgSwf9cfKDPBpUFMaYFuUuAjpAKGcMNIgp1xeFVX27/FjEWvl98jOANTWc/D8BSx5v0iU7EIB7M/ecC4yRTmP+zsVquKG8VpKhK5g97wPx2MdMlkEo8nOqL9ZJIgnBZTGXoWRQqgdQgXgTd7R9od+AL8V2ot+hRKIecfXNFgUlO3pTP4cPzCaCM3vBxXFE5nsY3BBA6Ei8Q+RsTRANhxKAxQjz+hR5NCH0RlwaUgXmyZ9Rp2wSx3r7Gt/FHsY26PU01iwbQbibkc0XQHUw0+gsge5egh7+BwWv1ckNvWHAuha1P+aSKXGshnTaSzvhJEG2B78ewy68N97TZLGokbWweAShQfWS1hcZwsojc2GP+eK9IYnl7sJEqHpOIJnw8pFTLBIBL0b1i5CQ1oC56aLFA0CmuAEmqSGyGPintNKEV9SQNSfjxlvYmY+NO5iJeTjELyP4JPwhLccvhtw9mPJYQLY3ziBUjQIaIITHJPOGriuhrdj2sNsuHME8DUSiY/HMwrHELoE7GKcUGV/Dr3tIpGQ1wVU2R/KBErRIKAJTqBJalCqUucaJS2NGU4DJMDZBUgHkFKPIR2ReB4sX9ODw7RIQNS/BcuM6fGGH0blPNjtiiUHIi/YNL6+ZPe84fuCUf9/BHAs702BIQ6FokONAlTZ9VKBOAo3wdPJ3diumTD4eTff/lX21924ePAd1416agmE7VAPIv4Z8npFT9T/doCupHxT1crifQEvjABuSu8EBHjDhxG6HYDne5HWom54C4MDeniKEWMPAs0LEqC1nRmM+j09vJHg/oTefA3kSp5cxyr+GRqvVXZjuI5ujBUAEqHvYaQtCENFTg6dlxAAu3tprJI3ioPOCO/BkLzKsUtCyxvOcJpAInQAIwDU6mh7MoicOmvJy4w7xDCxzFSJV4B+eZUJQIVVInlz4MVKWPB38f5DieP7FwGR+BC03ZcR+BAchDbW1RCszkr5Isii9YZ3icTpiAjoa78a5+qbINfgOw9uXtAP6J3UThrQM97uyME+AV9JHW23IBOf4WnHg3cWX50EfPhSoxQNAr72EqFDGOjAXrWLhEadAJrkS42SGmqX5WQHaXXKFtIBzCJCnIoVfoetbUDe+qCzUySO9uMC+tp/Bfkx1GKY9BF3KwYNJKGjbbckIRJ/Ag7mlceS9B5E1L9egDd8JSa4saXT0AiQlKj//H6QTkoawDG8i/VuAjpuQjog6n/a8TcSj8P5W8F8hsEHROJoPCcgEfot5BGRvJliJzgAG1X2KRM8xy5wCnMO4Qc/EZnuESKxv+MFdCanQB4VGfU/zy7NAdioKK7sB4mQ3P8rUTXfYOEg+iw73Nki0fIGC4jELTwZMHQSIeDzKBH6UgBUP0Ygbsx6HQljt3xcJA7dBgFOnbmR0f/7R6KcC5YEoMKusUI14HGA4yEBqKl52NA5aATNSKu/KxH6V5EogZMCcF+Tc0Ep54KA54KR0L3S2HMisTurBfCiwHPBNeQ4dLQF+wEbJ474//wIR6MvQyywT8BzkQg1Yk94BPhZhX3h/ZmgovgLPHvxfOFoEPBc9LXz05x3ucdEIrilAmiS54KSGuodZCcS/ytMHOId8RNE+p949on/UX9UJEp5hAD2w772r4HXwWt8KBJ0tD2Mo/E+BjZB3gBTER4PXtRv5gF6HuBaqOyFLBPJvg1VDhyFS08jmK04w7xobA0gOl5dt8LuOMg30dCHI6gzuckXoakPYph3YnQyVAphYgqa8GaRCOCgACa9yr4ds7/BYiVBVBC701Lk/ANEtwWVvAu/d3Aj1mPg52xClyAzv4D3EzHrRahNBD7AxSZixntI13xM+DNciorEYvxw/DNm92DmMUz6DWy+FsQpdfKpv+W34Ue4B1vwnoBIHM1ajRSJt0gXpuegjFCy/L5IAykTb/hdAVD+Bz4i6CHyPgsZfAO7MiwYiWeW8YVBifTyhpBZFvUfhrsbUXTvYlW8BbGH/QCF2IXG8D5W/XU3typsZ/bwMkKJAr9BQEfbhZj5THcidBbkzd2o4jYUXXc3kvMq7jBjeiJxpjHck0qD8w1TUfyK8w1D0CGfLEzyaBi9m4nlwF5YZCGwzP+XbxjRIOhrPwcD+zD7FbjgrKEa+aE4GPhYJwKfJoA1ijjLHLkhgDBvQN74aTstiL+yYInBIkHEkb9smN2CD7IEUrUFSYaGA2gijrWO4ULvrKFvrXOhjiNdUfwrqAPALYDr+OV5KSiA1BzOHiaqyGlAAP/mQtuOxGIEXJ0T6A01KBHQUZjNxlf3dnGPUjQccKCME2iSGpRK/Tc=(/figma)-->Enhanced functionality, an expert community, best in class code, thorough user research, best practice accessibility, the list goes on... and all in the box!</p>\r\n"
    format: wysiwyg
visibility:
  request_path:
    id: request_path
    pages: '<front>'
    negate: false
    context_mapping: {  }
