uuid: 246ed4da-838f-42f9-9519-0997413adf84
langcode: en
status: true
dependencies:
  module:
    - localgov_core
  theme:
    - localgov_skeleton
_core:
  default_config_hash: WhGf5S3ZSZ698FcbYpQIoadx9DPUFiJXFrRXnidY1-I
id: localgov_skeleton_localgov_page_header_block
theme: localgov_skeleton
region: content_top
weight: -10
provider: null
plugin: localgov_page_header_block
settings:
  id: localgov_page_header_block
  label: 'Page header block'
  provider: localgov_core
  label_display: '0'
visibility: {  }
